
Microsoft Visual Studio Solution File, Format Version 12.00
# Visual Studio Version 17
VisualStudioVersion = 17.5.002.0
MinimumVisualStudioVersion = 10.0.40219.1
Project("{FAE04EC0-301F-11D3-BF4B-00C04F79EFBC}") = "GRO-SD-TEST", "GRO-SD-TEST.csproj", "{23F991FC-E4E1-4D65-8FC3-C993D2F6FBB3}"
EndProject
Global
	GlobalSection(SolutionConfigurationPlatforms) = preSolution
		Debug|Any CPU = Debug|Any CPU
		Release|Any CPU = Release|Any CPU
	EndGlobalSection
	GlobalSection(ProjectConfigurationPlatforms) = postSolution
		{23F991FC-E4E1-4D65-8FC3-C993D2F6FBB3}.Debug|Any CPU.ActiveCfg = Debug|Any CPU
		{23F991FC-E4E1-4D65-8FC3-C993D2F6FBB3}.Debug|Any CPU.Build.0 = Debug|Any CPU
		{23F991FC-E4E1-4D65-8FC3-C993D2F6FBB3}.Release|Any CPU.ActiveCfg = Release|Any CPU
		{23F991FC-E4E1-4D65-8FC3-C993D2F6FBB3}.Release|Any CPU.Build.0 = Release|Any CPU
	EndGlobalSection
	GlobalSection(SolutionProperties) = preSolution
		HideSolutionNode = FALSE
	EndGlobalSection
	GlobalSection(ExtensibilityGlobals) = postSolution
		SolutionGuid = {83EE5B79-275C-47F8-8949-7BF094B43CE5}
	EndGlobalSection
EndGlobal
